
Microsoft Visual Studio Solution File, Format Version 12.00
# Visual Studio 15
VisualStudioVersion = 15.0.28010.2019
MinimumVisualStudioVersion = 10.0.40219.1
Project("{9A19103F-16F7-4668-BE54-9A1E7A4F7556}") = "Microsoft.Identity.Client.Unity", "src\Microsoft.Identity.Client\Microsoft.Identity.Client.Unity.csproj", "{77D242B6-0FA2-40C4-BB04-8C0C09E1A05E}"
EndProject
Global
	GlobalSection(SolutionConfigurationPlatforms) = preSolution
		Debug|Any CPU = Debug|Any CPU
		Release|Any CPU = Release|Any CPU
	EndGlobalSection
	GlobalSection(ProjectConfigurationPlatforms) = postSolution
		{77D242B6-0FA2-40C4-BB04-8C0C09E1A05E}.Debug|Any CPU.ActiveCfg = Debug|Any CPU
		{77D242B6-0FA2-40C4-BB04-8C0C09E1A05E}.Debug|Any CPU.Build.0 = Debug|Any CPU
		{77D242B6-0FA2-40C4-BB04-8C0C09E1A05E}.Release|Any CPU.ActiveCfg = Release|Any CPU
		{77D242B6-0FA2-40C4-BB04-8C0C09E1A05E}.Release|Any CPU.Build.0 = Release|Any CPU
	EndGlobalSection
	GlobalSection(SolutionProperties) = preSolution
		HideSolutionNode = FALSE
	EndGlobalSection
	GlobalSection(ExtensibilityGlobals) = postSolution
		SolutionGuid = {6387B8E3-2CDC-490F-BA0C-86DEF7293E0D}
	EndGlobalSection
EndGlobal
